
Microsoft Visual Studio Solution File, Format Version 12.00
# Visual Studio 15
VisualStudioVersion = 15.0.27703.2035
MinimumVisualStudioVersion = 10.0.40219.1
Project("{8BC9CEB8-8B4A-11D0-8D11-00A0C91BC942}") = "HexBoard_PT", "HexBoard_PT\HexBoard_PT.vcxproj", "{786296BB-8671-400C-BF14-9C5BA4D4024C}"
	ProjectSection(ProjectDependencies) = postProject
		{6DEF1E41-38FE-45B8-B477-8366C2544D67} = {6DEF1E41-38FE-45B8-B477-8366C2544D67}
	EndProjectSection
EndProject
Project("{8BC9CEB8-8B4A-11D0-8D11-00A0C91BC942}") = "GenLib", "GenLib\GenLib.vcxproj", "{6DEF1E41-38FE-45B8-B477-8366C2544D67}"
EndProject
Global
	GlobalSection(SolutionConfigurationPlatforms) = preSolution
		Debug|x64 = Debug|x64
		Debug|x86 = Debug|x86
		Release|x64 = Release|x64
		Release|x86 = Release|x86
	EndGlobalSection
	GlobalSection(ProjectConfigurationPlatforms) = postSolution
		{786296BB-8671-400C-BF14-9C5BA4D4024C}.Debug|x64.ActiveCfg = Debug|x64
		{786296BB-8671-400C-BF14-9C5BA4D4024C}.Debug|x64.Build.0 = Debug|x64
		{786296BB-8671-400C-BF14-9C5BA4D4024C}.Debug|x86.ActiveCfg = Debug|Win32
		{786296BB-8671-400C-BF14-9C5BA4D4024C}.Debug|x86.Build.0 = Debug|Win32
		{786296BB-8671-400C-BF14-9C5BA4D4024C}.Release|x64.ActiveCfg = Release|x64
		{786296BB-8671-400C-BF14-9C5BA4D4024C}.Release|x64.Build.0 = Release|x64
		{786296BB-8671-400C-BF14-9C5BA4D4024C}.Release|x86.ActiveCfg = Release|Win32
		{786296BB-8671-400C-BF14-9C5BA4D4024C}.Release|x86.Build.0 = Release|Win32
		{6DEF1E41-38FE-45B8-B477-8366C2544D67}.Debug|x64.ActiveCfg = Debug|x64
		{6DEF1E41-38FE-45B8-B477-8366C2544D67}.Debug|x64.Build.0 = Debug|x64
		{6DEF1E41-38FE-45B8-B477-8366C2544D67}.Debug|x86.ActiveCfg = Debug|Win32
		{6DEF1E41-38FE-45B8-B477-8366C2544D67}.Debug|x86.Build.0 = Debug|Win32
		{6DEF1E41-38FE-45B8-B477-8366C2544D67}.Release|x64.ActiveCfg = Release|x64
		{6DEF1E41-38FE-45B8-B477-8366C2544D67}.Release|x64.Build.0 = Release|x64
		{6DEF1E41-38FE-45B8-B477-8366C2544D67}.Release|x86.ActiveCfg = Release|Win32
		{6DEF1E41-38FE-45B8-B477-8366C2544D67}.Release|x86.Build.0 = Release|Win32
	EndGlobalSection
	GlobalSection(SolutionProperties) = preSolution
		HideSolutionNode = FALSE
	EndGlobalSection
	GlobalSection(ExtensibilityGlobals) = postSolution
		SolutionGuid = {88EE9B10-FB8C-46A9-8DAF-02D82D67EF2D}
	EndGlobalSection
EndGlobal
